
Microsoft Visual Studio Solution File, Format Version 12.00
# Visual Studio Version 16
VisualStudioVersion = 16.0.31729.503
MinimumVisualStudioVersion = 10.0.40219.1
Project("{9A19103F-16F7-4668-BE54-9A1E7A4F7556}") = "IdentityServerCourse.API", "IdentityServerCourse.API\IdentityServerCourse.API.csproj", "{BA3582E7-27BB-4B1A-B21F-C4C0E254172E}"
EndProject
Project("{9A19103F-16F7-4668-BE54-9A1E7A4F7556}") = "IdentityServerCourse.IdentityServer", "IdentityServer\IdentityServerCourse.IdentityServer.csproj", "{6EEDD4B6-22DA-4005-8160-5EC137741F77}"
EndProject
Project("{FAE04EC0-301F-11D3-BF4B-00C04F79EFBC}") = "IdentityServerCourse.MvcClient", "IdentityServerCourse.MVCCleint\IdentityServerCourse.MvcClient.csproj", "{9783860C-5F3C-4041-8FD4-6170099578B1}"
EndProject
Global
	GlobalSection(SolutionConfigurationPlatforms) = preSolution
		Debug|Any CPU = Debug|Any CPU
		Release|Any CPU = Release|Any CPU
	EndGlobalSection
	GlobalSection(ProjectConfigurationPlatforms) = postSolution
		{BA3582E7-27BB-4B1A-B21F-C4C0E254172E}.Debug|Any CPU.ActiveCfg = Debug|Any CPU
		{BA3582E7-27BB-4B1A-B21F-C4C0E254172E}.Debug|Any CPU.Build.0 = Debug|Any CPU
		{BA3582E7-27BB-4B1A-B21F-C4C0E254172E}.Release|Any CPU.ActiveCfg = Release|Any CPU
		{BA3582E7-27BB-4B1A-B21F-C4C0E254172E}.Release|Any CPU.Build.0 = Release|Any CPU
		{6EEDD4B6-22DA-4005-8160-5EC137741F77}.Debug|Any CPU.ActiveCfg = Debug|Any CPU
		{6EEDD4B6-22DA-4005-8160-5EC137741F77}.Debug|Any CPU.Build.0 = Debug|Any CPU
		{6EEDD4B6-22DA-4005-8160-5EC137741F77}.Release|Any CPU.ActiveCfg = Release|Any CPU
		{6EEDD4B6-22DA-4005-8160-5EC137741F77}.Release|Any CPU.Build.0 = Release|Any CPU
		{9783860C-5F3C-4041-8FD4-6170099578B1}.Debug|Any CPU.ActiveCfg = Debug|Any CPU
		{9783860C-5F3C-4041-8FD4-6170099578B1}.Debug|Any CPU.Build.0 = Debug|Any CPU
		{9783860C-5F3C-4041-8FD4-6170099578B1}.Release|Any CPU.ActiveCfg = Release|Any CPU
		{9783860C-5F3C-4041-8FD4-6170099578B1}.Release|Any CPU.Build.0 = Release|Any CPU
	EndGlobalSection
	GlobalSection(SolutionProperties) = preSolution
		HideSolutionNode = FALSE
	EndGlobalSection
	GlobalSection(ExtensibilityGlobals) = postSolution
		SolutionGuid = {BADBCA70-2E79-4FD3-BC4A-DC237466CF52}
	EndGlobalSection
EndGlobal
